<?xml version="1.0" encoding="utf-8"?>
<Project ToolsVersion="4.0" xmlns="http://schemas.microsoft.com/developer/msbuild/2003">
  <ItemGroup>
    <Filter Include="Quelldateien">
      <UniqueIdentifier>{4FC737F1-C7A5-4376-A066-2A32D752A2FF}</UniqueIdentifier>
      <Extensions>cpp;c;cc;cxx;def;odl;idl;hpj;bat;asm;asmx</Extensions>
    </Filter>
    <Filter Include="Headerdateien">
      <UniqueIdentifier>{93995380-89BD-4b04-88EB-625FBE52EBFB}</UniqueIdentifier>
      <Extensions>h;hh;hpp;hxx;hm;inl;inc;xsd</Extensions>
    </Filter>
    <Filter Include="Ressourcendateien">
      <UniqueIdentifier>{67DA6AB6-F800-4c08-8B7A-83BB121AAD01}</UniqueIdentifier>
      <Extensions>rc;ico;cur;bmp;dlg;rc2;rct;bin;rgs;gif;jpg;jpeg;jpe;resx;tiff;tif;png;wav;mfcribbon-ms</Extensions>
    </Filter>
    <Filter Include="Quelldateien\Widget">
      <UniqueIdentifier>{a675fbda-18eb-45ee-928a-48eaaf9b39b4}</UniqueIdentifier>
    </Filter>
    <Filter Include="Headerdateien\Widget">
      <UniqueIdentifier>{3a23b561-2e94-4413-9d4d-9fa5abc0e70d}</UniqueIdentifier>
    </Filter>
    <Filter Include="Headerdateien\Layout">
      <UniqueIdentifier>{2fed5c93-3097-4cb5-87ec-d138c850e8c4}</UniqueIdentifier>
    </Filter>
    <Filter Include="Quelldateien\Layout">
      <UniqueIdentifier>{c4461ab8-ff3b-43cd-b5ed-5481302d262d}</UniqueIdentifier>
    </Filter>
  </ItemGroup>
  <ItemGroup>
    <ClCompile Include="test.cpp">
      <Filter>Quelldateien</Filter>
    </ClCompile>
    <ClCompile Include="HtmlElement.cpp">
      <Filter>Quelldateien</Filter>
    </ClCompile>
    <ClCompile Include="Html.cpp">
      <Filter>Quelldateien</Filter>
    </ClCompile>
    <ClCompile Include="Body.cpp">
      <Filter>Quelldateien</Filter>
    </ClCompile>
    <ClCompile Include="Paragraph.cpp">
      <Filter>Quelldateien</Filter>
    </ClCompile>
    <ClCompile Include="H1.cpp">
      <Filter>Quelldateien</Filter>
    </ClCompile>
    <ClCompile Include="GET.cpp">
      <Filter>Quelldateien</Filter>
    </ClCompile>
    <ClCompile Include="Request.cpp">
      <Filter>Quelldateien</Filter>
    </ClCompile>
    <ClCompile Include="POST.cpp">
      <Filter>Quelldateien</Filter>
    </ClCompile>
    <ClCompile Include="FORM.cpp">
      <Filter>Quelldateien</Filter>
    </ClCompile>
    <ClCompile Include="HtmlAttribute.cpp">
      <Filter>Quelldateien</Filter>
    </ClCompile>
    <ClCompile Include="HtmlDataAttribute.cpp">
      <Filter>Quelldateien</Filter>
    </ClCompile>
    <ClCompile Include="Head.cpp">
      <Filter>Quelldateien</Filter>
    </ClCompile>
    <ClCompile Include="Response.cpp">
      <Filter>Quelldateien</Filter>
    </ClCompile>
    <ClCompile Include="Title.cpp">
      <Filter>Quelldateien</Filter>
    </ClCompile>
    <ClCompile Include="Meta.cpp">
      <Filter>Quelldateien</Filter>
    </ClCompile>
    <ClCompile Include="A.cpp">
      <Filter>Quelldateien</Filter>
    </ClCompile>
    <ClCompile Include="Ul.cpp">
      <Filter>Quelldateien</Filter>
    </ClCompile>
    <ClCompile Include="Li.cpp">
      <Filter>Quelldateien</Filter>
    </ClCompile>
    <ClCompile Include="Div.cpp">
      <Filter>Quelldateien</Filter>
    </ClCompile>
    <ClCompile Include="Input.cpp">
      <Filter>Quelldateien</Filter>
    </ClCompile>
    <ClCompile Include="Table.cpp">
      <Filter>Quelldateien</Filter>
    </ClCompile>
    <ClCompile Include="Thead.cpp">
      <Filter>Quelldateien</Filter>
    </ClCompile>
    <ClCompile Include="Tbody.cpp">
      <Filter>Quelldateien</Filter>
    </ClCompile>
    <ClCompile Include="Tfoot.cpp">
      <Filter>Quelldateien</Filter>
    </ClCompile>
    <ClCompile Include="Tr.cpp">
      <Filter>Quelldateien</Filter>
    </ClCompile>
    <ClCompile Include="Td.cpp">
      <Filter>Quelldateien</Filter>
    </ClCompile>
    <ClCompile Include="Th.cpp">
      <Filter>Quelldateien</Filter>
    </ClCompile>
    <ClCompile Include="HtmlDataTable.cpp">
      <Filter>Quelldateien\Widget</Filter>
    </ClCompile>
    <ClCompile Include="Widget.cpp">
      <Filter>Quelldateien\Widget</Filter>
    </ClCompile>
    <ClCompile Include="TextArea.cpp">
      <Filter>Quelldateien</Filter>
    </ClCompile>
    <ClCompile Include="PasswordField.cpp">
      <Filter>Quelldateien\Widget</Filter>
    </ClCompile>
    <ClCompile Include="CheckBox.cpp">
      <Filter>Quelldateien\Widget</Filter>
    </ClCompile>
    <ClCompile Include="TextBox.cpp">
      <Filter>Quelldateien\Widget</Filter>
    </ClCompile>
    <ClCompile Include="DatePicker.cpp">
      <Filter>Quelldateien\Widget</Filter>
    </ClCompile>
    <ClCompile Include="SubmitButton.cpp">
      <Filter>Quelldateien\Widget</Filter>
    </ClCompile>
    <ClCompile Include="HorizontalLayout.cpp">
      <Filter>Quelldateien\Layout</Filter>
    </ClCompile>
    <ClCompile Include="VerticalLayout.cpp">
      <Filter>Quelldateien\Layout</Filter>
    </ClCompile>
    <ClCompile Include="GridLayout.cpp">
      <Filter>Quelldateien\Layout</Filter>
    </ClCompile>
    <ClCompile Include="StringBuilder.cpp">
      <Filter>Quelldateien</Filter>
    </ClCompile>
    <ClCompile Include="WebApplication.cpp">
      <Filter>Quelldateien</Filter>
    </ClCompile>
    <ClCompile Include="WebPage.cpp">
      <Filter>Quelldateien</Filter>
    </ClCompile>
    <ClCompile Include="PageHolder.cpp">
      <Filter>Quelldateien</Filter>
    </ClCompile>
    <ClCompile Include="PageHolderBase.cpp">
      <Filter>Quelldateien</Filter>
    </ClCompile>
    <ClCompile Include="MyFirstPage.cpp">
      <Filter>Quelldateien</Filter>
    </ClCompile>
    <ClCompile Include="HttpHeader.cpp">
      <Filter>Quelldateien</Filter>
    </ClCompile>
  </ItemGroup>
  <ItemGroup>
    <ClInclude Include="HtmlElement.h">
      <Filter>Headerdateien</Filter>
    </ClInclude>
    <ClInclude Include="Html.h">
      <Filter>Headerdateien</Filter>
    </ClInclude>
    <ClInclude Include="Body.h">
      <Filter>Headerdateien</Filter>
    </ClInclude>
    <ClInclude Include="Paragraph.h">
      <Filter>Headerdateien</Filter>
    </ClInclude>
    <ClInclude Include="H1.h">
      <Filter>Headerdateien</Filter>
    </ClInclude>
    <ClInclude Include="GET.h">
      <Filter>Headerdateien</Filter>
    </ClInclude>
    <ClInclude Include="Request.h">
      <Filter>Headerdateien</Filter>
    </ClInclude>
    <ClInclude Include="POST.h">
      <Filter>Headerdateien</Filter>
    </ClInclude>
    <ClInclude Include="FORM.h">
      <Filter>Headerdateien</Filter>
    </ClInclude>
    <ClInclude Include="HtmlAttribute.h">
      <Filter>Headerdateien</Filter>
    </ClInclude>
    <ClInclude Include="HtmlDataAttribute.h">
      <Filter>Headerdateien</Filter>
    </ClInclude>
    <ClInclude Include="Head.h">
      <Filter>Headerdateien</Filter>
    </ClInclude>
    <ClInclude Include="Response.h">
      <Filter>Headerdateien</Filter>
    </ClInclude>
    <ClInclude Include="Title.h">
      <Filter>Headerdateien</Filter>
    </ClInclude>
    <ClInclude Include="Meta.h">
      <Filter>Headerdateien</Filter>
    </ClInclude>
    <ClInclude Include="CharSets.h">
      <Filter>Headerdateien</Filter>
    </ClInclude>
    <ClInclude Include="A.h">
      <Filter>Headerdateien</Filter>
    </ClInclude>
    <ClInclude Include="Ul.h">
      <Filter>Headerdateien</Filter>
    </ClInclude>
    <ClInclude Include="Li.h">
      <Filter>Headerdateien</Filter>
    </ClInclude>
    <ClInclude Include="Div.h">
      <Filter>Headerdateien</Filter>
    </ClInclude>
    <ClInclude Include="Input.h">
      <Filter>Headerdateien</Filter>
    </ClInclude>
    <ClInclude Include="Table.h">
      <Filter>Headerdateien</Filter>
    </ClInclude>
    <ClInclude Include="Thead.h">
      <Filter>Headerdateien</Filter>
    </ClInclude>
    <ClInclude Include="Tbody.h">
      <Filter>Headerdateien</Filter>
    </ClInclude>
    <ClInclude Include="Tfoot.h">
      <Filter>Headerdateien</Filter>
    </ClInclude>
    <ClInclude Include="Tr.h">
      <Filter>Headerdateien</Filter>
    </ClInclude>
    <ClInclude Include="Td.h">
      <Filter>Headerdateien</Filter>
    </ClInclude>
    <ClInclude Include="Th.h">
      <Filter>Headerdateien</Filter>
    </ClInclude>
    <ClInclude Include="HtmlDataTable.h">
      <Filter>Headerdateien\Widget</Filter>
    </ClInclude>
    <ClInclude Include="Widget.h">
      <Filter>Headerdateien\Widget</Filter>
    </ClInclude>
    <ClInclude Include="TextArea.h">
      <Filter>Headerdateien</Filter>
    </ClInclude>
    <ClInclude Include="PasswordField.h">
      <Filter>Headerdateien\Widget</Filter>
    </ClInclude>
    <ClInclude Include="CheckBox.h">
      <Filter>Headerdateien\Widget</Filter>
    </ClInclude>
    <ClInclude Include="TextBox.h">
      <Filter>Headerdateien\Widget</Filter>
    </ClInclude>
    <ClInclude Include="SubmitButton.h">
      <Filter>Headerdateien\Widget</Filter>
    </ClInclude>
    <ClInclude Include="DatePicker.h">
      <Filter>Headerdateien\Widget</Filter>
    </ClInclude>
    <ClInclude Include="HorizontalLayout.h">
      <Filter>Headerdateien\Layout</Filter>
    </ClInclude>
    <ClInclude Include="VerticalLayout.h">
      <Filter>Headerdateien\Layout</Filter>
    </ClInclude>
    <ClInclude Include="GridLayout.h">
      <Filter>Headerdateien\Layout</Filter>
    </ClInclude>
    <ClInclude Include="StringBuilder.h">
      <Filter>Headerdateien</Filter>
    </ClInclude>
    <ClInclude Include="WebApplication.h">
      <Filter>Headerdateien</Filter>
    </ClInclude>
    <ClInclude Include="WebPage.h">
      <Filter>Headerdateien</Filter>
    </ClInclude>
    <ClInclude Include="PageHolder.h">
      <Filter>Headerdateien</Filter>
    </ClInclude>
    <ClInclude Include="PageHolderBase.h">
      <Filter>Headerdateien</Filter>
    </ClInclude>
    <ClInclude Include="MyFirstPage.h">
      <Filter>Headerdateien</Filter>
    </ClInclude>
    <ClInclude Include="HttpHeader.h">
      <Filter>Headerdateien</Filter>
    </ClInclude>
  </ItemGroup>
  <ItemGroup>
    <None Include="ClassDiagram.cd" />
  </ItemGroup>
</Project>